
Microsoft Visual Studio Solution File, Format Version 12.00
# Visual Studio Version 16
VisualStudioVersion = 16.0.31702.278
MinimumVisualStudioVersion = 10.0.40219.1
Project("{FAE04EC0-301F-11D3-BF4B-00C04F79EFBC}") = "GrandiaReduxMaker", "GrandiaReduxMaker.csproj", "{C497FF1C-3B07-4D1C-ADD3-0A89F25AF88E}"
EndProject
Global
	GlobalSection(SolutionConfigurationPlatforms) = preSolution
		Debug|Any CPU = Debug|Any CPU
		Release|Any CPU = Release|Any CPU
	EndGlobalSection
	GlobalSection(ProjectConfigurationPlatforms) = postSolution
		{C497FF1C-3B07-4D1C-ADD3-0A89F25AF88E}.Debug|Any CPU.ActiveCfg = Debug|Any CPU
		{C497FF1C-3B07-4D1C-ADD3-0A89F25AF88E}.Debug|Any CPU.Build.0 = Debug|Any CPU
		{C497FF1C-3B07-4D1C-ADD3-0A89F25AF88E}.Release|Any CPU.ActiveCfg = Release|Any CPU
		{C497FF1C-3B07-4D1C-ADD3-0A89F25AF88E}.Release|Any CPU.Build.0 = Release|Any CPU
	EndGlobalSection
	GlobalSection(SolutionProperties) = preSolution
		HideSolutionNode = FALSE
	EndGlobalSection
	GlobalSection(ExtensibilityGlobals) = postSolution
		SolutionGuid = {98AB74AF-B466-41DD-A9D7-27C1B121B7F5}
	EndGlobalSection
EndGlobal
